<?xml version="1.0" encoding="utf-8"?>
<Project ToolsVersion="4.0" xmlns="http://schemas.microsoft.com/developer/msbuild/2003">
  <ItemGroup>
    <ClCompile Include="Account.cpp" />
    <ClCompile Include="Admin.cpp" />
    <ClCompile Include="Application.cpp" />
    <ClCompile Include="Game.cpp" />
    <ClCompile Include="LibraryItem.cpp" />
    <ClCompile Include="LoginUserMenu.cpp" />
    <ClCompile Include="MainMenu.cpp" />
    <ClCompile Include="Menu.cpp" />
    <ClCompile Include="Player.cpp" />
    <ClCompile Include="Source.cpp" />
    <ClCompile Include="Store.cpp" />
    <ClCompile Include="StoreMenu.cpp" />
    <ClCompile Include="User.cpp" />
    <ClCompile Include="Utils.cpp" />
  </ItemGroup>
  <ItemGroup>
    <ClInclude Include="Account.h" />
    <ClInclude Include="Admin.h" />
    <ClInclude Include="Application.h" />
    <ClInclude Include="Game.h" />
    <ClInclude Include="LibraryItem.h" />
    <ClInclude Include="LoginUserMenu.h" />
    <ClInclude Include="MainMenu.h" />
    <ClInclude Include="Menu.h" />
    <ClInclude Include="ListT.h" />
    <ClInclude Include="Player.h" />
    <ClInclude Include="Store.h" />
    <ClInclude Include="StoreMenu.h" />
    <ClInclude Include="User.h" />
    <ClInclude Include="Utils.h" />
  </ItemGroup>
  <ItemGroup>
    <Text Include="data.txt" />
    <Text Include="tempData.txt" />
  </ItemGroup>
</Project>